
Microsoft Visual Studio Solution File, Format Version 10.00
# Visual Studio 2008
Project("{FAE04EC0-301F-11D3-BF4B-00C04F79EFBC}") = "LineBoardSys", "LineBoardSystem\LineBoardSys.csproj", "{BFF9B265-B7B4-4FAA-BE68-0D8CDA239460}"
EndProject
Global
	GlobalSection(SolutionConfigurationPlatforms) = preSolution
		Debug|Any CPU = Debug|Any CPU
		Release|Any CPU = Release|Any CPU
	EndGlobalSection
	GlobalSection(ProjectConfigurationPlatforms) = postSolution
		{BFF9B265-B7B4-4FAA-BE68-0D8CDA239460}.Debug|Any CPU.ActiveCfg = Debug|Any CPU
		{BFF9B265-B7B4-4FAA-BE68-0D8CDA239460}.Debug|Any CPU.Build.0 = Debug|Any CPU
		{BFF9B265-B7B4-4FAA-BE68-0D8CDA239460}.Release|Any CPU.ActiveCfg = Release|Any CPU
		{BFF9B265-B7B4-4FAA-BE68-0D8CDA239460}.Release|Any CPU.Build.0 = Release|Any CPU
	EndGlobalSection
	GlobalSection(SolutionProperties) = preSolution
		HideSolutionNode = FALSE
	EndGlobalSection
EndGlobal
